
Microsoft Visual Studio Solution File, Format Version 12.00
# Visual Studio Version 17
VisualStudioVersion = 17.3.32825.248
MinimumVisualStudioVersion = 10.0.40219.1
Project("{9A19103F-16F7-4668-BE54-9A1E7A4F7556}") = "AzureProject.Shared", "AzureProject.Shared\AzureProject.Shared.csproj", "{F0254B66-CF76-48A0-BE83-FF740BEE7EF5}"
EndProject
Project("{9A19103F-16F7-4668-BE54-9A1E7A4F7556}") = "AzureProject.Tests", "AzureProject.Tests\AzureProject.Tests.csproj", "{6D869CD3-1BD3-4D3D-8346-795DAD95CCC3}"
EndProject
Project("{2150E333-8FDC-42A3-9474-1A3956D46DE8}") = "Files", "Files", "{9469E738-0CF5-4BFC-8C14-E7C49CEA720C}"
EndProject
Project("{2150E333-8FDC-42A3-9474-1A3956D46DE8}") = "Settings", "Settings", "{274EC1FD-AE63-48E7-B688-15F447BB5495}"
	ProjectSection(SolutionItems) = preProject
		Files\Settings\local.settings.json = Files\Settings\local.settings.json
	EndProjectSection
EndProject
Project("{2150E333-8FDC-42A3-9474-1A3956D46DE8}") = "Reference", "Reference", "{56FEDE78-43DC-4A2D-A0A8-7BB2FF1D0B83}"
	ProjectSection(SolutionItems) = preProject
		Files\Reference\Bicep.md = Files\Reference\Bicep.md
		Files\Reference\GitHubActions.md = Files\Reference\GitHubActions.md
		Files\Reference\GitHubRunner.md = Files\Reference\GitHubRunner.md
		Files\Reference\JSONServer.md = Files\Reference\JSONServer.md
		Files\Reference\nuget.config = Files\Reference\nuget.config
	EndProjectSection
EndProject
Project("{9A19103F-16F7-4668-BE54-9A1E7A4F7556}") = "AzureProject.FunctionApp", "AzureProject.FunctionApp\AzureProject.FunctionApp.csproj", "{F9592627-4C88-4FC0-918A-8E322C77FE7E}"
EndProject
Project("{2150E333-8FDC-42A3-9474-1A3956D46DE8}") = "Solution Items", "Solution Items", "{F87C35B2-F1DB-41B2-8C70-C102B6A491E2}"
	ProjectSection(SolutionItems) = preProject
		.gitignore = .gitignore
		db.json = db.json
	EndProjectSection
EndProject
Project("{2150E333-8FDC-42A3-9474-1A3956D46DE8}") = "Workflows", "Workflows", "{A41EE061-CCCB-466F-81E1-E5D3CE632083}"
	ProjectSection(SolutionItems) = preProject
		.github\workflows\func-app-test-eastus.yml = .github\workflows\func-app-test-eastus.yml
		.github\workflows\nuget.yml = .github\workflows\nuget.yml
	EndProjectSection
EndProject
Project("{2150E333-8FDC-42A3-9474-1A3956D46DE8}") = "Examples", "Examples", "{61E4255F-0375-44DF-8450-86FB646BD816}"
EndProject
Project("{FAE04EC0-301F-11D3-BF4B-00C04F79EFBC}") = "blazor1", "Examples\blazor1\blazor1.csproj", "{B990C4FA-4247-43D5-BF68-E840744DD124}"
EndProject
Project("{FAE04EC0-301F-11D3-BF4B-00C04F79EFBC}") = "blazor2", "Examples\blazor2\blazor2.csproj", "{7A047CDA-C017-423E-B0CD-773E7E7045CB}"
EndProject
Project("{FAE04EC0-301F-11D3-BF4B-00C04F79EFBC}") = "AzureProject.ConsoleApp", "AzureProject.ConsoleApp\AzureProject.ConsoleApp.csproj", "{7E7D9858-E5B9-41D7-80C1-A15C8E6F59E8}"
EndProject
Project("{00D1A9C2-B5F0-4AF3-8072-F6C62B433612}") = "AzureProject.Database", "AzureProject.Database\AzureProject.Database.sqlproj", "{DA3407CC-43CB-45DF-865D-8E115615C210}"
EndProject
Project("{2150E333-8FDC-42A3-9474-1A3956D46DE8}") = "Scripts", "Scripts", "{CB3F8A0E-5B12-44BB-9A1E-30844438F9A1}"
	ProjectSection(SolutionItems) = preProject
		Files\Scripts\ClearAzurite.bat = Files\Scripts\ClearAzurite.bat
	EndProjectSection
EndProject
Global
	GlobalSection(SolutionConfigurationPlatforms) = preSolution
		Debug|Any CPU = Debug|Any CPU
		Release|Any CPU = Release|Any CPU
	EndGlobalSection
	GlobalSection(ProjectConfigurationPlatforms) = postSolution
		{F0254B66-CF76-48A0-BE83-FF740BEE7EF5}.Debug|Any CPU.ActiveCfg = Debug|Any CPU
		{F0254B66-CF76-48A0-BE83-FF740BEE7EF5}.Debug|Any CPU.Build.0 = Debug|Any CPU
		{F0254B66-CF76-48A0-BE83-FF740BEE7EF5}.Release|Any CPU.ActiveCfg = Release|Any CPU
		{F0254B66-CF76-48A0-BE83-FF740BEE7EF5}.Release|Any CPU.Build.0 = Release|Any CPU
		{6D869CD3-1BD3-4D3D-8346-795DAD95CCC3}.Debug|Any CPU.ActiveCfg = Debug|Any CPU
		{6D869CD3-1BD3-4D3D-8346-795DAD95CCC3}.Debug|Any CPU.Build.0 = Debug|Any CPU
		{6D869CD3-1BD3-4D3D-8346-795DAD95CCC3}.Release|Any CPU.ActiveCfg = Release|Any CPU
		{6D869CD3-1BD3-4D3D-8346-795DAD95CCC3}.Release|Any CPU.Build.0 = Release|Any CPU
		{F9592627-4C88-4FC0-918A-8E322C77FE7E}.Debug|Any CPU.ActiveCfg = Debug|Any CPU
		{F9592627-4C88-4FC0-918A-8E322C77FE7E}.Debug|Any CPU.Build.0 = Debug|Any CPU
		{F9592627-4C88-4FC0-918A-8E322C77FE7E}.Release|Any CPU.ActiveCfg = Release|Any CPU
		{F9592627-4C88-4FC0-918A-8E322C77FE7E}.Release|Any CPU.Build.0 = Release|Any CPU
		{B990C4FA-4247-43D5-BF68-E840744DD124}.Debug|Any CPU.ActiveCfg = Debug|Any CPU
		{B990C4FA-4247-43D5-BF68-E840744DD124}.Debug|Any CPU.Build.0 = Debug|Any CPU
		{B990C4FA-4247-43D5-BF68-E840744DD124}.Release|Any CPU.ActiveCfg = Release|Any CPU
		{B990C4FA-4247-43D5-BF68-E840744DD124}.Release|Any CPU.Build.0 = Release|Any CPU
		{7A047CDA-C017-423E-B0CD-773E7E7045CB}.Debug|Any CPU.ActiveCfg = Debug|Any CPU
		{7A047CDA-C017-423E-B0CD-773E7E7045CB}.Debug|Any CPU.Build.0 = Debug|Any CPU
		{7A047CDA-C017-423E-B0CD-773E7E7045CB}.Release|Any CPU.ActiveCfg = Release|Any CPU
		{7A047CDA-C017-423E-B0CD-773E7E7045CB}.Release|Any CPU.Build.0 = Release|Any CPU
		{7E7D9858-E5B9-41D7-80C1-A15C8E6F59E8}.Debug|Any CPU.ActiveCfg = Debug|Any CPU
		{7E7D9858-E5B9-41D7-80C1-A15C8E6F59E8}.Debug|Any CPU.Build.0 = Debug|Any CPU
		{7E7D9858-E5B9-41D7-80C1-A15C8E6F59E8}.Release|Any CPU.ActiveCfg = Release|Any CPU
		{7E7D9858-E5B9-41D7-80C1-A15C8E6F59E8}.Release|Any CPU.Build.0 = Release|Any CPU
		{DA3407CC-43CB-45DF-865D-8E115615C210}.Debug|Any CPU.ActiveCfg = Debug|Any CPU
		{DA3407CC-43CB-45DF-865D-8E115615C210}.Debug|Any CPU.Build.0 = Debug|Any CPU
		{DA3407CC-43CB-45DF-865D-8E115615C210}.Debug|Any CPU.Deploy.0 = Debug|Any CPU
		{DA3407CC-43CB-45DF-865D-8E115615C210}.Release|Any CPU.ActiveCfg = Release|Any CPU
		{DA3407CC-43CB-45DF-865D-8E115615C210}.Release|Any CPU.Build.0 = Release|Any CPU
		{DA3407CC-43CB-45DF-865D-8E115615C210}.Release|Any CPU.Deploy.0 = Release|Any CPU
	EndGlobalSection
	GlobalSection(SolutionProperties) = preSolution
		HideSolutionNode = FALSE
	EndGlobalSection
	GlobalSection(NestedProjects) = preSolution
		{274EC1FD-AE63-48E7-B688-15F447BB5495} = {9469E738-0CF5-4BFC-8C14-E7C49CEA720C}
		{56FEDE78-43DC-4A2D-A0A8-7BB2FF1D0B83} = {9469E738-0CF5-4BFC-8C14-E7C49CEA720C}
		{A41EE061-CCCB-466F-81E1-E5D3CE632083} = {9469E738-0CF5-4BFC-8C14-E7C49CEA720C}
		{B990C4FA-4247-43D5-BF68-E840744DD124} = {61E4255F-0375-44DF-8450-86FB646BD816}
		{7A047CDA-C017-423E-B0CD-773E7E7045CB} = {61E4255F-0375-44DF-8450-86FB646BD816}
		{CB3F8A0E-5B12-44BB-9A1E-30844438F9A1} = {9469E738-0CF5-4BFC-8C14-E7C49CEA720C}
	EndGlobalSection
	GlobalSection(ExtensibilityGlobals) = postSolution
		SolutionGuid = {BC7084E0-1729-443C-9BCF-B75F243AB023}
	EndGlobalSection
EndGlobal
